
Microsoft Visual Studio Solution File, Format Version 12.00
# Visual Studio Version 17
VisualStudioVersion = 17.2.32526.322
MinimumVisualStudioVersion = 10.0.40219.1
Project("{9A19103F-16F7-4668-BE54-9A1E7A4F7556}") = "DataAccess", "DataAccess\DataAccess.csproj", "{CA7F739F-198C-4883-AA05-F075FAD55E98}"
EndProject
Project("{9A19103F-16F7-4668-BE54-9A1E7A4F7556}") = "BusinessObject", "BusinessObject\BusinessObject.csproj", "{10FA02A4-8F2F-42D3-B49A-CD4A8B33AF92}"
EndProject
Project("{9A19103F-16F7-4668-BE54-9A1E7A4F7556}") = "MyStoreWinApp", "MyStoreWinApp\MyStoreWinApp.csproj", "{D29468BD-14EE-4EF3-9F66-AE6409B0C670}"
EndProject
Global
	GlobalSection(SolutionConfigurationPlatforms) = preSolution
		Debug|Any CPU = Debug|Any CPU
		Release|Any CPU = Release|Any CPU
	EndGlobalSection
	GlobalSection(ProjectConfigurationPlatforms) = postSolution
		{CA7F739F-198C-4883-AA05-F075FAD55E98}.Debug|Any CPU.ActiveCfg = Debug|Any CPU
		{CA7F739F-198C-4883-AA05-F075FAD55E98}.Debug|Any CPU.Build.0 = Debug|Any CPU
		{CA7F739F-198C-4883-AA05-F075FAD55E98}.Release|Any CPU.ActiveCfg = Release|Any CPU
		{CA7F739F-198C-4883-AA05-F075FAD55E98}.Release|Any CPU.Build.0 = Release|Any CPU
		{10FA02A4-8F2F-42D3-B49A-CD4A8B33AF92}.Debug|Any CPU.ActiveCfg = Debug|Any CPU
		{10FA02A4-8F2F-42D3-B49A-CD4A8B33AF92}.Debug|Any CPU.Build.0 = Debug|Any CPU
		{10FA02A4-8F2F-42D3-B49A-CD4A8B33AF92}.Release|Any CPU.ActiveCfg = Release|Any CPU
		{10FA02A4-8F2F-42D3-B49A-CD4A8B33AF92}.Release|Any CPU.Build.0 = Release|Any CPU
		{D29468BD-14EE-4EF3-9F66-AE6409B0C670}.Debug|Any CPU.ActiveCfg = Debug|Any CPU
		{D29468BD-14EE-4EF3-9F66-AE6409B0C670}.Debug|Any CPU.Build.0 = Debug|Any CPU
		{D29468BD-14EE-4EF3-9F66-AE6409B0C670}.Release|Any CPU.ActiveCfg = Release|Any CPU
		{D29468BD-14EE-4EF3-9F66-AE6409B0C670}.Release|Any CPU.Build.0 = Release|Any CPU
	EndGlobalSection
	GlobalSection(SolutionProperties) = preSolution
		HideSolutionNode = FALSE
	EndGlobalSection
	GlobalSection(ExtensibilityGlobals) = postSolution
		SolutionGuid = {911BFD5F-A77D-4B01-8CF9-D30020AB2EC4}
	EndGlobalSection
EndGlobal
